// !$*UTF8*$!
{
	archiveVersion = 1;
	classes = {
	};
	objectVersion = 48;
	objects = {

/* Begin PBXBuildFile section */
		3D119EE71FFBDAA1001932AA /* AppDelegate.swift in Sources */ = {isa = PBXBuildFile; fileRef = 3D119EE61FFBDAA1001932AA /* AppDelegate.swift */; };
		3D119EE91FFBDAA1001932AA /* ViewController.swift in Sources */ = {isa = PBXBuildFile; fileRef = 3D119EE81FFBDAA1001932AA /* ViewController.swift */; };
		3D119EEC1FFBDAA1001932AA /* Main.storyboard in Resources */ = {isa = PBXBuildFile; fileRef = 3D119EEA1FFBDAA1001932AA /* Main.storyboard */; };
		3D119EEE1FFBDAA1001932AA /* Assets.xcassets in Resources */ = {isa = PBXBuildFile; fileRef = 3D119EED1FFBDAA1001932AA /* Assets.xcassets */; };
		3D119EF11FFBDAA1001932AA /* LaunchScreen.storyboard in Resources */ = {isa = PBXBuildFile; fileRef = 3D119EEF1FFBDAA1001932AA /* LaunchScreen.storyboard */; };
		3D119EFA1FFBDAF9001932AA /* CoreDataStore.swift in Sources */ = {isa = PBXBuildFile; fileRef = 3D119EF91FFBDAF9001932AA /* CoreDataStore.swift */; };
		3D119EFC1FFBDC24001932AA /* NSManagedObject+EntityProvider.swift in Sources */ = {isa = PBXBuildFile; fileRef = 3D119EFB1FFBDC24001932AA /* NSManagedObject+EntityProvider.swift */; };
		3D119EFE1FFD3FAF001932AA /* EntityFetchInfoProvider.swift in Sources */ = {isa = PBXBuildFile; fileRef = 3D119EFD1FFD3FAF001932AA /* EntityFetchInfoProvider.swift */; };
		3D119F001FFD3FCE001932AA /* PredicateComparisonType.swift in Sources */ = {isa = PBXBuildFile; fileRef = 3D119EFF1FFD3FCE001932AA /* PredicateComparisonType.swift */; };
		3D119F021FFD4598001932AA /* EntityProvider.swift in Sources */ = {isa = PBXBuildFile; fileRef = 3D119F011FFD4598001932AA /* EntityProvider.swift */; };
		3D119F041FFD4751001932AA /* EntityContext.swift in Sources */ = {isa = PBXBuildFile; fileRef = 3D119F031FFD4751001932AA /* EntityContext.swift */; };
		3D119F061FFD49DF001932AA /* NSManagedContext+EntityContext.swift in Sources */ = {isa = PBXBuildFile; fileRef = 3D119F051FFD49DF001932AA /* NSManagedContext+EntityContext.swift */; };
/* End PBXBuildFile section */

/* Begin PBXFileReference section */
		3D119EE31FFBDAA1001932AA /* RGCacheKit.app */ = {isa = PBXFileReference; explicitFileType = wrapper.application; includeInIndex = 0; path = RGCacheKit.app; sourceTree = BUILT_PRODUCTS_DIR; };
		3D119EE61FFBDAA1001932AA /* AppDelegate.swift */ = {isa = PBXFileReference; lastKnownFileType = sourcecode.swift; path = AppDelegate.swift; sourceTree = "<group>"; };
		3D119EE81FFBDAA1001932AA /* ViewController.swift */ = {isa = PBXFileReference; lastKnownFileType = sourcecode.swift; path = ViewController.swift; sourceTree = "<group>"; };
		3D119EEB1FFBDAA1001932AA /* Base */ = {isa = PBXFileReference; lastKnownFileType = file.storyboard; name = Base; path = Base.lproj/Main.storyboard; sourceTree = "<group>"; };
		3D119EED1FFBDAA1001932AA /* Assets.xcassets */ = {isa = PBXFileReference; lastKnownFileType = folder.assetcatalog; path = Assets.xcassets; sourceTree = "<group>"; };
		3D119EF01FFBDAA1001932AA /* Base */ = {isa = PBXFileReference; lastKnownFileType = file.storyboard; name = Base; path = Base.lproj/LaunchScreen.storyboard; sourceTree = "<group>"; };
		3D119EF21FFBDAA1001932AA /* Info.plist */ = {isa = PBXFileReference; lastKnownFileType = text.plist.xml; path = Info.plist; sourceTree = "<group>"; };
		3D119EF91FFBDAF9001932AA /* CoreDataStore.swift */ = {isa = PBXFileReference; lastKnownFileType = sourcecode.swift; path = CoreDataStore.swift; sourceTree = "<group>"; };
		3D119EFB1FFBDC24001932AA /* NSManagedObject+EntityProvider.swift */ = {isa = PBXFileReference; lastKnownFileType = sourcecode.swift; path = "NSManagedObject+EntityProvider.swift"; sourceTree = "<group>"; };
		3D119EFD1FFD3FAF001932AA /* EntityFetchInfoProvider.swift */ = {isa = PBXFileReference; lastKnownFileType = sourcecode.swift; path = EntityFetchInfoProvider.swift; sourceTree = "<group>"; };
		3D119EFF1FFD3FCE001932AA /* PredicateComparisonType.swift */ = {isa = PBXFileReference; lastKnownFileType = sourcecode.swift; path = PredicateComparisonType.swift; sourceTree = "<group>"; };
		3D119F011FFD4598001932AA /* EntityProvider.swift */ = {isa = PBXFileReference; lastKnownFileType = sourcecode.swift; path = EntityProvider.swift; sourceTree = "<group>"; };
		3D119F031FFD4751001932AA /* EntityContext.swift */ = {isa = PBXFileReference; lastKnownFileType = sourcecode.swift; path = EntityContext.swift; sourceTree = "<group>"; };
		3D119F051FFD49DF001932AA /* NSManagedContext+EntityContext.swift */ = {isa = PBXFileReference; lastKnownFileType = sourcecode.swift; path = "NSManagedContext+EntityContext.swift"; sourceTree = "<group>"; };
/* End PBXFileReference section */

/* Begin PBXFrameworksBuildPhase section */
		3D119EE01FFBDAA1001932AA /* Frameworks */ = {
			isa = PBXFrameworksBuildPhase;
			buildActionMask = 2147483647;
			files = (
			);
			runOnlyForDeploymentPostprocessing = 0;
		};
/* End PBXFrameworksBuildPhase section */

/* Begin PBXGroup section */
		3D119EDA1FFBDAA1001932AA = {
			isa = PBXGroup;
			children = (
				3D119EF81FFBDAE2001932AA /* Source */,
				3D119EE51FFBDAA1001932AA /* RGCacheKit */,
				3D119EE41FFBDAA1001932AA /* Products */,
			);
			sourceTree = "<group>";
		};
		3D119EE41FFBDAA1001932AA /* Products */ = {
			isa = PBXGroup;
			children = (
				3D119EE31FFBDAA1001932AA /* RGCacheKit.app */,
			);
			name = Products;
			sourceTree = "<group>";
		};
		3D119EE51FFBDAA1001932AA /* RGCacheKit */ = {
			isa = PBXGroup;
			children = (
				3D119EE61FFBDAA1001932AA /* AppDelegate.swift */,
				3D119EE81FFBDAA1001932AA /* ViewController.swift */,
				3D119EEA1FFBDAA1001932AA /* Main.storyboard */,
				3D119EED1FFBDAA1001932AA /* Assets.xcassets */,
				3D119EEF1FFBDAA1001932AA /* LaunchScreen.storyboard */,
				3D119EF21FFBDAA1001932AA /* Info.plist */,
			);
			path = RGCacheKit;
			sourceTree = "<group>";
		};
		3D119EF81FFBDAE2001932AA /* Source */ = {
			isa = PBXGroup;
			children = (
				3D119EF91FFBDAF9001932AA /* CoreDataStore.swift */,
				3D119F011FFD4598001932AA /* EntityProvider.swift */,
				3D119EFD1FFD3FAF001932AA /* EntityFetchInfoProvider.swift */,
				3D119EFF1FFD3FCE001932AA /* PredicateComparisonType.swift */,
				3D119EFB1FFBDC24001932AA /* NSManagedObject+EntityProvider.swift */,
				3D119F031FFD4751001932AA /* EntityContext.swift */,
				3D119F051FFD49DF001932AA /* NSManagedContext+EntityContext.swift */,
			);
			path = Source;
			sourceTree = "<group>";
		};
/* End PBXGroup section */

/* Begin PBXNativeTarget section */
		3D119EE21FFBDAA1001932AA /* RGCacheKit */ = {
			isa = PBXNativeTarget;
			buildConfigurationList = 3D119EF51FFBDAA1001932AA /* Build configuration list for PBXNativeTarget "RGCacheKit" */;
			buildPhases = (
				3D119EDF1FFBDAA1001932AA /* Sources */,
				3D119EE01FFBDAA1001932AA /* Frameworks */,
				3D119EE11FFBDAA1001932AA /* Resources */,
			);
			buildRules = (
			);
			dependencies = (
			);
			name = RGCacheKit;
			productName = RGCacheKit;
			productReference = 3D119EE31FFBDAA1001932AA /* RGCacheKit.app */;
			productType = "com.apple.product-type.application";
		};
/* End PBXNativeTarget section */

/* Begin PBXProject section */
		3D119EDB1FFBDAA1001932AA /* Project object */ = {
			isa = PBXProject;
			attributes = {
				LastSwiftUpdateCheck = 0920;
				LastUpgradeCheck = 0920;
				ORGANIZATIONNAME = "Ritesh Gupta";
				TargetAttributes = {
					3D119EE21FFBDAA1001932AA = {
						CreatedOnToolsVersion = 9.2;
						ProvisioningStyle = Automatic;
					};
				};
			};
			buildConfigurationList = 3D119EDE1FFBDAA1001932AA /* Build configuration list for PBXProject "RGCacheKit" */;
			compatibilityVersion = "Xcode 8.0";
			developmentRegion = en;
			hasScannedForEncodings = 0;
			knownRegions = (
				en,
				Base,
			);
			mainGroup = 3D119EDA1FFBDAA1001932AA;
			productRefGroup = 3D119EE41FFBDAA1001932AA /* Products */;
			projectDirPath = "";
			projectRoot = "";
			targets = (
				3D119EE21FFBDAA1001932AA /* RGCacheKit */,
			);
		};
/* End PBXProject section */

/* Begin PBXResourcesBuildPhase section */
		3D119EE11FFBDAA1001932AA /* Resources */ = {
			isa = PBXResourcesBuildPhase;
			buildActionMask = 2147483647;
			files = (
				3D119EF11FFBDAA1001932AA /* LaunchScreen.storyboard in Resources */,
				3D119EEE1FFBDAA1001932AA /* Assets.xcassets in Resources */,
				3D119EEC1FFBDAA1001932AA /* Main.storyboard in Resources */,
			);
			runOnlyForDeploymentPostprocessing = 0;
		};
/* End PBXResourcesBuildPhase section */

/* Begin PBXSourcesBuildPhase section */
		3D119EDF1FFBDAA1001932AA /* Sources */ = {
			isa = PBXSourcesBuildPhase;
			buildActionMask = 2147483647;
			files = (
				3D119F041FFD4751001932AA /* EntityContext.swift in Sources */,
				3D119EE91FFBDAA1001932AA /* ViewController.swift in Sources */,
				3D119EE71FFBDAA1001932AA /* AppDelegate.swift in Sources */,
				3D119F061FFD49DF001932AA /* NSManagedContext+EntityContext.swift in Sources */,
				3D119F001FFD3FCE001932AA /* PredicateComparisonType.swift in Sources */,
				3D119EFE1FFD3FAF001932AA /* EntityFetchInfoProvider.swift in Sources */,
				3D119EFA1FFBDAF9001932AA /* CoreDataStore.swift in Sources */,
				3D119EFC1FFBDC24001932AA /* NSManagedObject+EntityProvider.swift in Sources */,
				3D119F021FFD4598001932AA /* EntityProvider.swift in Sources */,
			);
			runOnlyForDeploymentPostprocessing = 0;
		};
/* End PBXSourcesBuildPhase section */

/* Begin PBXVariantGroup section */
		3D119EEA1FFBDAA1001932AA /* Main.storyboard */ = {
			isa = PBXVariantGroup;
			children = (
				3D119EEB1FFBDAA1001932AA /* Base */,
			);
			name = Main.storyboard;
			sourceTree = "<group>";
		};
		3D119EEF1FFBDAA1001932AA /* LaunchScreen.storyboard */ = {
			isa = PBXVariantGroup;
			children = (
				3D119EF01FFBDAA1001932AA /* Base */,
			);
			name = LaunchScreen.storyboard;
			sourceTree = "<group>";
		};
/* End PBXVariantGroup section */

/* Begin XCBuildConfiguration section */
		3D119EF31FFBDAA1001932AA /* Debug */ = {
			isa = XCBuildConfiguration;
			buildSettings = {
				ALWAYS_SEARCH_USER_PATHS = NO;
				CLANG_ANALYZER_NONNULL = YES;
				CLANG_ANALYZER_NUMBER_OBJECT_CONVERSION = YES_AGGRESSIVE;
				CLANG_CXX_LANGUAGE_STANDARD = "gnu++14";
				CLANG_CXX_LIBRARY = "libc++";
				CLANG_ENABLE_MODULES = YES;
				CLANG_ENABLE_OBJC_ARC = YES;
				CLANG_WARN_BLOCK_CAPTURE_AUTORELEASING = YES;
				CLANG_WARN_BOOL_CONVERSION = YES;
				CLANG_WARN_COMMA = YES;
				CLANG_WARN_CONSTANT_CONVERSION = YES;
				CLANG_WARN_DIRECT_OBJC_ISA_USAGE = YES_ERROR;
				CLANG_WARN_DOCUMENTATION_COMMENTS = YES;
				CLANG_WARN_EMPTY_BODY = YES;
				CLANG_WARN_ENUM_CONVERSION = YES;
				CLANG_WARN_INFINITE_RECURSION = YES;
				CLANG_WARN_INT_CONVERSION = YES;
				CLANG_WARN_NON_LITERAL_NULL_CONVERSION = YES;
				CLANG_WARN_OBJC_LITERAL_CONVERSION = YES;
				CLANG_WARN_OBJC_ROOT_CLASS = YES_ERROR;
				CLANG_WARN_RANGE_LOOP_ANALYSIS = YES;
				CLANG_WARN_STRICT_PROTOTYPES = YES;
				CLANG_WARN_SUSPICIOUS_MOVE = YES;
				CLANG_WARN_UNGUARDED_AVAILABILITY = YES_AGGRESSIVE;
				CLANG_WARN_UNREACHABLE_CODE = YES;
				CLANG_WARN__DUPLICATE_METHOD_MATCH = YES;
				CODE_SIGN_IDENTITY = "iPhone Developer";
				COPY_PHASE_STRIP = NO;
				DEBUG_INFORMATION_FORMAT = dwarf;
				ENABLE_STRICT_OBJC_MSGSEND = YES;
				ENABLE_TESTABILITY = YES;
				GCC_C_LANGUAGE_STANDARD = gnu11;
				GCC_DYNAMIC_NO_PIC = NO;
				GCC_NO_COMMON_BLOCKS = YES;
				GCC_OPTIMIZATION_LEVEL = 0;
				GCC_PREPROCESSOR_DEFINITIONS = (
					"DEBUG=1",
					"$(inherited)",
				);
				GCC_WARN_64_TO_32_BIT_CONVERSION = YES;
				GCC_WARN_ABOUT_RETURN_TYPE = YES_ERROR;
				GCC_WARN_UNDECLARED_SELECTOR = YES;
				GCC_WARN_UNINITIALIZED_AUTOS = YES_AGGRESSIVE;
				GCC_WARN_UNUSED_FUNCTION = YES;
				GCC_WARN_UNUSED_VARIABLE = YES;
				IPHONEOS_DEPLOYMENT_TARGET = 11.2;
				MTL_ENABLE_DEBUG_INFO = YES;
				ONLY_ACTIVE_ARCH = YES;
				SDKROOT = iphoneos;
				SWIFT_ACTIVE_COMPILATION_CONDITIONS = DEBUG;
				SWIFT_OPTIMIZATION_LEVEL = "-Onone";
			};
			name = Debug;
		};
		3D119EF41FFBDAA1001932AA /* Release */ = {
			isa = XCBuildConfiguration;
			buildSettings = {
				ALWAYS_SEARCH_USER_PATHS = NO;
				CLANG_ANALYZER_NONNULL = YES;
				CLANG_ANALYZER_NUMBER_OBJECT_CONVERSION = YES_AGGRESSIVE;
				CLANG_CXX_LANGUAGE_STANDARD = "gnu++14";
				CLANG_CXX_LIBRARY = "libc++";
				CLANG_ENABLE_MODULES = YES;
				CLANG_ENABLE_OBJC_ARC = YES;
				CLANG_WARN_BLOCK_CAPTURE_AUTORELEASING = YES;
				CLANG_WARN_BOOL_CONVERSION = YES;
				CLANG_WARN_COMMA = YES;
				CLANG_WARN_CONSTANT_CONVERSION = YES;
				CLANG_WARN_DIRECT_OBJC_ISA_USAGE = YES_ERROR;
				CLANG_WARN_DOCUMENTATION_COMMENTS = YES;
				CLANG_WARN_EMPTY_BODY = YES;
				CLANG_WARN_ENUM_CONVERSION = YES;
				CLANG_WARN_INFINITE_RECURSION = YES;
				CLANG_WARN_INT_CONVERSION = YES;
				CLANG_WARN_NON_LITERAL_NULL_CONVERSION = YES;
				CLANG_WARN_OBJC_LITERAL_CONVERSION = YES;
				CLANG_WARN_OBJC_ROOT_CLASS = YES_ERROR;
				CLANG_WARN_RANGE_LOOP_ANALYSIS = YES;
				CLANG_WARN_STRICT_PROTOTYPES = YES;
				CLANG_WARN_SUSPICIOUS_MOVE = YES;
				CLANG_WARN_UNGUARDED_AVAILABILITY = YES_AGGRESSIVE;
				CLANG_WARN_UNREACHABLE_CODE = YES;
				CLANG_WARN__DUPLICATE_METHOD_MATCH = YES;
				CODE_SIGN_IDENTITY = "iPhone Developer";
				COPY_PHASE_STRIP = NO;
				DEBUG_INFORMATION_FORMAT = "dwarf-with-dsym";
				ENABLE_NS_ASSERTIONS = NO;
				ENABLE_STRICT_OBJC_MSGSEND = YES;
				GCC_C_LANGUAGE_STANDARD = gnu11;
				GCC_NO_COMMON_BLOCKS = YES;
				GCC_WARN_64_TO_32_BIT_CONVERSION = YES;
				GCC_WARN_ABOUT_RETURN_TYPE = YES_ERROR;
				GCC_WARN_UNDECLARED_SELECTOR = YES;
				GCC_WARN_UNINITIALIZED_AUTOS = YES_AGGRESSIVE;
				GCC_WARN_UNUSED_FUNCTION = YES;
				GCC_WARN_UNUSED_VARIABLE = YES;
				IPHONEOS_DEPLOYMENT_TARGET = 11.2;
				MTL_ENABLE_DEBUG_INFO = NO;
				SDKROOT = iphoneos;
				SWIFT_OPTIMIZATION_LEVEL = "-Owholemodule";
				VALIDATE_PRODUCT = YES;
			};
			name = Release;
		};
		3D119EF61FFBDAA1001932AA /* Debug */ = {
			isa = XCBuildConfiguration;
			buildSettings = {
				ASSETCATALOG_COMPILER_APPICON_NAME = AppIcon;
				CODE_SIGN_STYLE = Automatic;
				DEVELOPMENT_TEAM = G436LJ5F52;
				INFOPLIST_FILE = RGCacheKit/Info.plist;
				LD_RUNPATH_SEARCH_PATHS = "$(inherited) @executable_path/Frameworks";
				PRODUCT_BUNDLE_IDENTIFIER = com.ritesh.RGCacheKit;
				PRODUCT_NAME = "$(TARGET_NAME)";
				SWIFT_VERSION = 4.0;
				TARGETED_DEVICE_FAMILY = "1,2";
			};
			name = Debug;
		};
		3D119EF71FFBDAA1001932AA /* Release */ = {
			isa = XCBuildConfiguration;
			buildSettings = {
				ASSETCATALOG_COMPILER_APPICON_NAME = AppIcon;
				CODE_SIGN_STYLE = Automatic;
				DEVELOPMENT_TEAM = G436LJ5F52;
				INFOPLIST_FILE = RGCacheKit/Info.plist;
				LD_RUNPATH_SEARCH_PATHS = "$(inherited) @executable_path/Frameworks";
				PRODUCT_BUNDLE_IDENTIFIER = com.ritesh.RGCacheKit;
				PRODUCT_NAME = "$(TARGET_NAME)";
				SWIFT_VERSION = 4.0;
				TARGETED_DEVICE_FAMILY = "1,2";
			};
			name = Release;
		};
/* End XCBuildConfiguration section */

/* Begin XCConfigurationList section */
		3D119EDE1FFBDAA1001932AA /* Build configuration list for PBXProject "RGCacheKit" */ = {
			isa = XCConfigurationList;
			buildConfigurations = (
				3D119EF31FFBDAA1001932AA /* Debug */,
				3D119EF41FFBDAA1001932AA /* Release */,
			);
			defaultConfigurationIsVisible = 0;
			defaultConfigurationName = Release;
		};
		3D119EF51FFBDAA1001932AA /* Build configuration list for PBXNativeTarget "RGCacheKit" */ = {
			isa = XCConfigurationList;
			buildConfigurations = (
				3D119EF61FFBDAA1001932AA /* Debug */,
				3D119EF71FFBDAA1001932AA /* Release */,
			);
			defaultConfigurationIsVisible = 0;
			defaultConfigurationName = Release;
		};
/* End XCConfigurationList section */
	};
	rootObject = 3D119EDB1FFBDAA1001932AA /* Project object */;
}
